
Microsoft Visual Studio Solution File, Format Version 12.00
# Visual Studio Version 16
VisualStudioVersion = 16.0.28803.202
MinimumVisualStudioVersion = 10.0.40219.1
Project("{FAE04EC0-301F-11D3-BF4B-00C04F79EFBC}") = "SceneManager", "SceneManager.csproj", "{EC357267-00C9-4CFF-A786-49FD24FFFBC2}"
EndProject
Global
	GlobalSection(SolutionConfigurationPlatforms) = preSolution
		Debug|Any CPU = Debug|Any CPU
		Release|Any CPU = Release|Any CPU
	EndGlobalSection
	GlobalSection(ProjectConfigurationPlatforms) = postSolution
		{EC357267-00C9-4CFF-A786-49FD24FFFBC2}.Debug|Any CPU.ActiveCfg = Debug|Any CPU
		{EC357267-00C9-4CFF-A786-49FD24FFFBC2}.Debug|Any CPU.Build.0 = Debug|Any CPU
		{EC357267-00C9-4CFF-A786-49FD24FFFBC2}.Release|Any CPU.ActiveCfg = Release|Any CPU
		{EC357267-00C9-4CFF-A786-49FD24FFFBC2}.Release|Any CPU.Build.0 = Release|Any CPU
	EndGlobalSection
	GlobalSection(SolutionProperties) = preSolution
		HideSolutionNode = FALSE
	EndGlobalSection
	GlobalSection(ExtensibilityGlobals) = postSolution
		SolutionGuid = {BE7D5232-36A6-439C-9AA6-CAA8E48AFC36}
	EndGlobalSection
EndGlobal
